// !$*UTF8*$!
{
	archiveVersion = 1;
	classes = {
	};
	objectVersion = 46;
	objects = {

/* Begin PBXBuildFile section */
		6969CE7B2050547200DA4FFA /* AppDelegate.swift in Sources */ = {isa = PBXBuildFile; fileRef = 6969CE7A2050547200DA4FFA /* AppDelegate.swift */; };
		6969CE7D2050547200DA4FFA /* ViewController.swift in Sources */ = {isa = PBXBuildFile; fileRef = 6969CE7C2050547200DA4FFA /* ViewController.swift */; };
		6969CE802050547200DA4FFA /* Main.storyboard in Resources */ = {isa = PBXBuildFile; fileRef = 6969CE7E2050547200DA4FFA /* Main.storyboard */; };
		6969CE822050547200DA4FFA /* Assets.xcassets in Resources */ = {isa = PBXBuildFile; fileRef = 6969CE812050547200DA4FFA /* Assets.xcassets */; };
		6969CE852050547200DA4FFA /* LaunchScreen.storyboard in Resources */ = {isa = PBXBuildFile; fileRef = 6969CE832050547200DA4FFA /* LaunchScreen.storyboard */; };
		6969CE902050631500DA4FFA /* PacotesViagensViewController.swift in Sources */ = {isa = PBXBuildFile; fileRef = 6969CE8F2050631500DA4FFA /* PacotesViagensViewController.swift */; };
		6969CE932050639100DA4FFA /* Viagem.swift in Sources */ = {isa = PBXBuildFile; fileRef = 6969CE922050639100DA4FFA /* Viagem.swift */; };
		6969CE95205063B300DA4FFA /* PacoteViagem.swift in Sources */ = {isa = PBXBuildFile; fileRef = 6969CE94205063B300DA4FFA /* PacoteViagem.swift */; };
		6969CE982050640D00DA4FFA /* ViagemDAO.swift in Sources */ = {isa = PBXBuildFile; fileRef = 6969CE972050640D00DA4FFA /* ViagemDAO.swift */; };
		6969CE9A2050643300DA4FFA /* PacoteViagemDAO.swift in Sources */ = {isa = PBXBuildFile; fileRef = 6969CE992050643300DA4FFA /* PacoteViagemDAO.swift */; };
		6969CE9C2050648E00DA4FFA /* PacoteViagemCollectionViewCell.swift in Sources */ = {isa = PBXBuildFile; fileRef = 6969CE9B2050648E00DA4FFA /* PacoteViagemCollectionViewCell.swift */; };
		6969CEA0205064FC00DA4FFA /* DetalhesViagensViewController.swift in Sources */ = {isa = PBXBuildFile; fileRef = 6969CE9F205064FC00DA4FFA /* DetalhesViagensViewController.swift */; };
		6969CEB12050752000DA4FFA /* hotel.jpg in Resources */ = {isa = PBXBuildFile; fileRef = 6969CEA22050752000DA4FFA /* hotel.jpg */; };
		6969CEB22050752000DA4FFA /* icon_back.png in Resources */ = {isa = PBXBuildFile; fileRef = 6969CEA32050752000DA4FFA /* icon_back.png */; };
		6969CEB32050752000DA4FFA /* icon_package.png in Resources */ = {isa = PBXBuildFile; fileRef = 6969CEA42050752000DA4FFA /* icon_package.png */; };
		6969CEB42050752000DA4FFA /* icon_search.png in Resources */ = {isa = PBXBuildFile; fileRef = 6969CEA52050752000DA4FFA /* icon_search.png */; };
		6969CEB52050752000DA4FFA /* img1.jpg in Resources */ = {isa = PBXBuildFile; fileRef = 6969CEA62050752000DA4FFA /* img1.jpg */; };
		6969CEB62050752000DA4FFA /* img2.jpg in Resources */ = {isa = PBXBuildFile; fileRef = 6969CEA72050752000DA4FFA /* img2.jpg */; };
		6969CEB72050752000DA4FFA /* img3.jpg in Resources */ = {isa = PBXBuildFile; fileRef = 6969CEA82050752000DA4FFA /* img3.jpg */; };
		6969CEB82050752000DA4FFA /* img4.png in Resources */ = {isa = PBXBuildFile; fileRef = 6969CEA92050752000DA4FFA /* img4.png */; };
		6969CEB92050752000DA4FFA /* img5.jpg in Resources */ = {isa = PBXBuildFile; fileRef = 6969CEAA2050752000DA4FFA /* img5.jpg */; };
		6969CEBA2050752000DA4FFA /* img6.jpg in Resources */ = {isa = PBXBuildFile; fileRef = 6969CEAB2050752000DA4FFA /* img6.jpg */; };
		6969CEBB2050752000DA4FFA /* img7.jpg in Resources */ = {isa = PBXBuildFile; fileRef = 6969CEAC2050752000DA4FFA /* img7.jpg */; };
		6969CEBC2050752000DA4FFA /* img8.jpg in Resources */ = {isa = PBXBuildFile; fileRef = 6969CEAD2050752000DA4FFA /* img8.jpg */; };
		6969CEBD2050752000DA4FFA /* img9.jpg in Resources */ = {isa = PBXBuildFile; fileRef = 6969CEAE2050752000DA4FFA /* img9.jpg */; };
		6969CEBE2050752000DA4FFA /* img10.jpg in Resources */ = {isa = PBXBuildFile; fileRef = 6969CEAF2050752000DA4FFA /* img10.jpg */; };
		6969CEBF2050752000DA4FFA /* img11.jpg in Resources */ = {isa = PBXBuildFile; fileRef = 6969CEB02050752000DA4FFA /* img11.jpg */; };
		6969CEC220507DAB00DA4FFA /* cafe_da_manha.png in Resources */ = {isa = PBXBuildFile; fileRef = 6969CEC020507DAB00DA4FFA /* cafe_da_manha.png */; };
		6969CEC320507DAB00DA4FFA /* passagem_aerea.png in Resources */ = {isa = PBXBuildFile; fileRef = 6969CEC120507DAB00DA4FFA /* passagem_aerea.png */; };
		6969CEC72050899800DA4FFA /* ConfirmacaoPagamentoViewController.swift in Sources */ = {isa = PBXBuildFile; fileRef = 6969CEC62050899800DA4FFA /* ConfirmacaoPagamentoViewController.swift */; };
/* End PBXBuildFile section */

/* Begin PBXFileReference section */
		6969CE772050547200DA4FFA /* Viajabessa.app */ = {isa = PBXFileReference; explicitFileType = wrapper.application; includeInIndex = 0; path = Viajabessa.app; sourceTree = BUILT_PRODUCTS_DIR; };
		6969CE7A2050547200DA4FFA /* AppDelegate.swift */ = {isa = PBXFileReference; lastKnownFileType = sourcecode.swift; path = AppDelegate.swift; sourceTree = "<group>"; };
		6969CE7C2050547200DA4FFA /* ViewController.swift */ = {isa = PBXFileReference; lastKnownFileType = sourcecode.swift; path = ViewController.swift; sourceTree = "<group>"; };
		6969CE7F2050547200DA4FFA /* Base */ = {isa = PBXFileReference; lastKnownFileType = file.storyboard; name = Base; path = Base.lproj/Main.storyboard; sourceTree = "<group>"; };
		6969CE812050547200DA4FFA /* Assets.xcassets */ = {isa = PBXFileReference; lastKnownFileType = folder.assetcatalog; path = Assets.xcassets; sourceTree = "<group>"; };
		6969CE842050547200DA4FFA /* Base */ = {isa = PBXFileReference; lastKnownFileType = file.storyboard; name = Base; path = Base.lproj/LaunchScreen.storyboard; sourceTree = "<group>"; };
		6969CE862050547200DA4FFA /* Info.plist */ = {isa = PBXFileReference; lastKnownFileType = text.plist.xml; path = Info.plist; sourceTree = "<group>"; };
		6969CE8F2050631500DA4FFA /* PacotesViagensViewController.swift */ = {isa = PBXFileReference; fileEncoding = 4; lastKnownFileType = sourcecode.swift; path = PacotesViagensViewController.swift; sourceTree = "<group>"; };
		6969CE922050639100DA4FFA /* Viagem.swift */ = {isa = PBXFileReference; fileEncoding = 4; lastKnownFileType = sourcecode.swift; path = Viagem.swift; sourceTree = "<group>"; };
		6969CE94205063B300DA4FFA /* PacoteViagem.swift */ = {isa = PBXFileReference; fileEncoding = 4; lastKnownFileType = sourcecode.swift; path = PacoteViagem.swift; sourceTree = "<group>"; };
		6969CE972050640D00DA4FFA /* ViagemDAO.swift */ = {isa = PBXFileReference; fileEncoding = 4; lastKnownFileType = sourcecode.swift; path = ViagemDAO.swift; sourceTree = "<group>"; };
		6969CE992050643300DA4FFA /* PacoteViagemDAO.swift */ = {isa = PBXFileReference; fileEncoding = 4; lastKnownFileType = sourcecode.swift; path = PacoteViagemDAO.swift; sourceTree = "<group>"; };
		6969CE9B2050648E00DA4FFA /* PacoteViagemCollectionViewCell.swift */ = {isa = PBXFileReference; fileEncoding = 4; lastKnownFileType = sourcecode.swift; path = PacoteViagemCollectionViewCell.swift; sourceTree = "<group>"; };
		6969CE9F205064FC00DA4FFA /* DetalhesViagensViewController.swift */ = {isa = PBXFileReference; fileEncoding = 4; lastKnownFileType = sourcecode.swift; path = DetalhesViagensViewController.swift; sourceTree = "<group>"; };
		6969CEA22050752000DA4FFA /* hotel.jpg */ = {isa = PBXFileReference; lastKnownFileType = image.jpeg; path = hotel.jpg; sourceTree = "<group>"; };
		6969CEA32050752000DA4FFA /* icon_back.png */ = {isa = PBXFileReference; lastKnownFileType = image.png; path = icon_back.png; sourceTree = "<group>"; };
		6969CEA42050752000DA4FFA /* icon_package.png */ = {isa = PBXFileReference; lastKnownFileType = image.png; path = icon_package.png; sourceTree = "<group>"; };
		6969CEA52050752000DA4FFA /* icon_search.png */ = {isa = PBXFileReference; lastKnownFileType = image.png; path = icon_search.png; sourceTree = "<group>"; };
		6969CEA62050752000DA4FFA /* img1.jpg */ = {isa = PBXFileReference; lastKnownFileType = image.jpeg; path = img1.jpg; sourceTree = "<group>"; };
		6969CEA72050752000DA4FFA /* img2.jpg */ = {isa = PBXFileReference; lastKnownFileType = image.jpeg; path = img2.jpg; sourceTree = "<group>"; };
		6969CEA82050752000DA4FFA /* img3.jpg */ = {isa = PBXFileReference; lastKnownFileType = image.jpeg; path = img3.jpg; sourceTree = "<group>"; };
		6969CEA92050752000DA4FFA /* img4.png */ = {isa = PBXFileReference; lastKnownFileType = image.png; path = img4.png; sourceTree = "<group>"; };
		6969CEAA2050752000DA4FFA /* img5.jpg */ = {isa = PBXFileReference; lastKnownFileType = image.jpeg; path = img5.jpg; sourceTree = "<group>"; };
		6969CEAB2050752000DA4FFA /* img6.jpg */ = {isa = PBXFileReference; lastKnownFileType = image.jpeg; path = img6.jpg; sourceTree = "<group>"; };
		6969CEAC2050752000DA4FFA /* img7.jpg */ = {isa = PBXFileReference; lastKnownFileType = image.jpeg; path = img7.jpg; sourceTree = "<group>"; };
		6969CEAD2050752000DA4FFA /* img8.jpg */ = {isa = PBXFileReference; lastKnownFileType = image.jpeg; path = img8.jpg; sourceTree = "<group>"; };
		6969CEAE2050752000DA4FFA /* img9.jpg */ = {isa = PBXFileReference; lastKnownFileType = image.jpeg; path = img9.jpg; sourceTree = "<group>"; };
		6969CEAF2050752000DA4FFA /* img10.jpg */ = {isa = PBXFileReference; lastKnownFileType = image.jpeg; path = img10.jpg; sourceTree = "<group>"; };
		6969CEB02050752000DA4FFA /* img11.jpg */ = {isa = PBXFileReference; lastKnownFileType = image.jpeg; path = img11.jpg; sourceTree = "<group>"; };
		6969CEC020507DAB00DA4FFA /* cafe_da_manha.png */ = {isa = PBXFileReference; lastKnownFileType = image.png; path = cafe_da_manha.png; sourceTree = "<group>"; };
		6969CEC120507DAB00DA4FFA /* passagem_aerea.png */ = {isa = PBXFileReference; lastKnownFileType = image.png; path = passagem_aerea.png; sourceTree = "<group>"; };
		6969CEC62050899800DA4FFA /* ConfirmacaoPagamentoViewController.swift */ = {isa = PBXFileReference; fileEncoding = 4; lastKnownFileType = sourcecode.swift; path = ConfirmacaoPagamentoViewController.swift; sourceTree = "<group>"; };
/* End PBXFileReference section */

/* Begin PBXFrameworksBuildPhase section */
		6969CE742050547200DA4FFA /* Frameworks */ = {
			isa = PBXFrameworksBuildPhase;
			buildActionMask = 2147483647;
			files = (
			);
			runOnlyForDeploymentPostprocessing = 0;
		};
/* End PBXFrameworksBuildPhase section */

/* Begin PBXGroup section */
		6969CE6E2050547200DA4FFA = {
			isa = PBXGroup;
			children = (
				6969CE792050547200DA4FFA /* Viajabessa */,
				6969CE782050547200DA4FFA /* Products */,
			);
			sourceTree = "<group>";
		};
		6969CE782050547200DA4FFA /* Products */ = {
			isa = PBXGroup;
			children = (
				6969CE772050547200DA4FFA /* Viajabessa.app */,
			);
			name = Products;
			sourceTree = "<group>";
		};
		6969CE792050547200DA4FFA /* Viajabessa */ = {
			isa = PBXGroup;
			children = (
				6969CE96205063F200DA4FFA /* ViagemDAO */,
				6969CE912050636E00DA4FFA /* Model */,
				6969CE8C205062E300DA4FFA /* Pacotes */,
				6969CE9D205064BD00DA4FFA /* DetalhesViagem */,
				6969CEC42050895E00DA4FFA /* ConfirmacaoPagamento */,
				6969CEA1205074FA00DA4FFA /* Assets */,
				6969CE7A2050547200DA4FFA /* AppDelegate.swift */,
				6969CE7C2050547200DA4FFA /* ViewController.swift */,
				6969CE7E2050547200DA4FFA /* Main.storyboard */,
				6969CE812050547200DA4FFA /* Assets.xcassets */,
				6969CE832050547200DA4FFA /* LaunchScreen.storyboard */,
				6969CE862050547200DA4FFA /* Info.plist */,
			);
			path = Viajabessa;
			sourceTree = "<group>";
		};
		6969CE8C205062E300DA4FFA /* Pacotes */ = {
			isa = PBXGroup;
			children = (
				6969CE8E205062F700DA4FFA /* View */,
				6969CE8D205062F000DA4FFA /* Controller */,
			);
			name = Pacotes;
			sourceTree = "<group>";
		};
		6969CE8D205062F000DA4FFA /* Controller */ = {
			isa = PBXGroup;
			children = (
				6969CE8F2050631500DA4FFA /* PacotesViagensViewController.swift */,
			);
			name = Controller;
			sourceTree = "<group>";
		};
		6969CE8E205062F700DA4FFA /* View */ = {
			isa = PBXGroup;
			children = (
				6969CE9B2050648E00DA4FFA /* PacoteViagemCollectionViewCell.swift */,
			);
			name = View;
			sourceTree = "<group>";
		};
		6969CE912050636E00DA4FFA /* Model */ = {
			isa = PBXGroup;
			children = (
				6969CE922050639100DA4FFA /* Viagem.swift */,
				6969CE94205063B300DA4FFA /* PacoteViagem.swift */,
			);
			name = Model;
			sourceTree = "<group>";
		};
		6969CE96205063F200DA4FFA /* ViagemDAO */ = {
			isa = PBXGroup;
			children = (
				6969CE972050640D00DA4FFA /* ViagemDAO.swift */,
				6969CE992050643300DA4FFA /* PacoteViagemDAO.swift */,
			);
			name = ViagemDAO;
			sourceTree = "<group>";
		};
		6969CE9D205064BD00DA4FFA /* DetalhesViagem */ = {
			isa = PBXGroup;
			children = (
				6969CE9E205064DB00DA4FFA /* Controller */,
			);
			name = DetalhesViagem;
			sourceTree = "<group>";
		};
		6969CE9E205064DB00DA4FFA /* Controller */ = {
			isa = PBXGroup;
			children = (
				6969CE9F205064FC00DA4FFA /* DetalhesViagensViewController.swift */,
			);
			name = Controller;
			sourceTree = "<group>";
		};
		6969CEA1205074FA00DA4FFA /* Assets */ = {
			isa = PBXGroup;
			children = (
				6969CEC020507DAB00DA4FFA /* cafe_da_manha.png */,
				6969CEC120507DAB00DA4FFA /* passagem_aerea.png */,
				6969CEA22050752000DA4FFA /* hotel.jpg */,
				6969CEA32050752000DA4FFA /* icon_back.png */,
				6969CEA42050752000DA4FFA /* icon_package.png */,
				6969CEA52050752000DA4FFA /* icon_search.png */,
				6969CEA62050752000DA4FFA /* img1.jpg */,
				6969CEA72050752000DA4FFA /* img2.jpg */,
				6969CEA82050752000DA4FFA /* img3.jpg */,
				6969CEA92050752000DA4FFA /* img4.png */,
				6969CEAA2050752000DA4FFA /* img5.jpg */,
				6969CEAB2050752000DA4FFA /* img6.jpg */,
				6969CEAC2050752000DA4FFA /* img7.jpg */,
				6969CEAD2050752000DA4FFA /* img8.jpg */,
				6969CEAE2050752000DA4FFA /* img9.jpg */,
				6969CEAF2050752000DA4FFA /* img10.jpg */,
				6969CEB02050752000DA4FFA /* img11.jpg */,
			);
			name = Assets;
			sourceTree = "<group>";
		};
		6969CEC42050895E00DA4FFA /* ConfirmacaoPagamento */ = {
			isa = PBXGroup;
			children = (
				6969CEC52050897D00DA4FFA /* Controller */,
			);
			name = ConfirmacaoPagamento;
			sourceTree = "<group>";
		};
		6969CEC52050897D00DA4FFA /* Controller */ = {
			isa = PBXGroup;
			children = (
				6969CEC62050899800DA4FFA /* ConfirmacaoPagamentoViewController.swift */,
			);
			name = Controller;
			sourceTree = "<group>";
		};
/* End PBXGroup section */

/* Begin PBXNativeTarget section */
		6969CE762050547200DA4FFA /* Viajabessa */ = {
			isa = PBXNativeTarget;
			buildConfigurationList = 6969CE892050547200DA4FFA /* Build configuration list for PBXNativeTarget "Viajabessa" */;
			buildPhases = (
				6969CE732050547200DA4FFA /* Sources */,
				6969CE742050547200DA4FFA /* Frameworks */,
				6969CE752050547200DA4FFA /* Resources */,
			);
			buildRules = (
			);
			dependencies = (
			);
			name = Viajabessa;
			productName = Viajabessa;
			productReference = 6969CE772050547200DA4FFA /* Viajabessa.app */;
			productType = "com.apple.product-type.application";
		};
/* End PBXNativeTarget section */

/* Begin PBXProject section */
		6969CE6F2050547200DA4FFA /* Project object */ = {
			isa = PBXProject;
			attributes = {
				LastSwiftUpdateCheck = 0830;
				LastUpgradeCheck = 0830;
				ORGANIZATIONNAME = "Luis Felipe Tapajos";
				TargetAttributes = {
					6969CE762050547200DA4FFA = {
						CreatedOnToolsVersion = 8.3.2;
						DevelopmentTeam = WKFLY4V8UQ;
						ProvisioningStyle = Automatic;
					};
				};
			};
			buildConfigurationList = 6969CE722050547200DA4FFA /* Build configuration list for PBXProject "Viajabessa" */;
			compatibilityVersion = "Xcode 3.2";
			developmentRegion = English;
			hasScannedForEncodings = 0;
			knownRegions = (
				en,
				Base,
			);
			mainGroup = 6969CE6E2050547200DA4FFA;
			productRefGroup = 6969CE782050547200DA4FFA /* Products */;
			projectDirPath = "";
			projectRoot = "";
			targets = (
				6969CE762050547200DA4FFA /* Viajabessa */,
			);
		};
/* End PBXProject section */

/* Begin PBXResourcesBuildPhase section */
		6969CE752050547200DA4FFA /* Resources */ = {
			isa = PBXResourcesBuildPhase;
			buildActionMask = 2147483647;
			files = (
				6969CEBE2050752000DA4FFA /* img10.jpg in Resources */,
				6969CEB42050752000DA4FFA /* icon_search.png in Resources */,
				6969CEBC2050752000DA4FFA /* img8.jpg in Resources */,
				6969CEB92050752000DA4FFA /* img5.jpg in Resources */,
				6969CEBA2050752000DA4FFA /* img6.jpg in Resources */,
				6969CEC220507DAB00DA4FFA /* cafe_da_manha.png in Resources */,
				6969CEB82050752000DA4FFA /* img4.png in Resources */,
				6969CEB72050752000DA4FFA /* img3.jpg in Resources */,
				6969CEBB2050752000DA4FFA /* img7.jpg in Resources */,
				6969CEB12050752000DA4FFA /* hotel.jpg in Resources */,
				6969CE852050547200DA4FFA /* LaunchScreen.storyboard in Resources */,
				6969CE822050547200DA4FFA /* Assets.xcassets in Resources */,
				6969CEB62050752000DA4FFA /* img2.jpg in Resources */,
				6969CEB32050752000DA4FFA /* icon_package.png in Resources */,
				6969CEB52050752000DA4FFA /* img1.jpg in Resources */,
				6969CEBD2050752000DA4FFA /* img9.jpg in Resources */,
				6969CEB22050752000DA4FFA /* icon_back.png in Resources */,
				6969CE802050547200DA4FFA /* Main.storyboard in Resources */,
				6969CEBF2050752000DA4FFA /* img11.jpg in Resources */,
				6969CEC320507DAB00DA4FFA /* passagem_aerea.png in Resources */,
			);
			runOnlyForDeploymentPostprocessing = 0;
		};
/* End PBXResourcesBuildPhase section */

/* Begin PBXSourcesBuildPhase section */
		6969CE732050547200DA4FFA /* Sources */ = {
			isa = PBXSourcesBuildPhase;
			buildActionMask = 2147483647;
			files = (
				6969CE932050639100DA4FFA /* Viagem.swift in Sources */,
				6969CE95205063B300DA4FFA /* PacoteViagem.swift in Sources */,
				6969CE9A2050643300DA4FFA /* PacoteViagemDAO.swift in Sources */,
				6969CEA0205064FC00DA4FFA /* DetalhesViagensViewController.swift in Sources */,
				6969CE9C2050648E00DA4FFA /* PacoteViagemCollectionViewCell.swift in Sources */,
				6969CE7D2050547200DA4FFA /* ViewController.swift in Sources */,
				6969CE982050640D00DA4FFA /* ViagemDAO.swift in Sources */,
				6969CE902050631500DA4FFA /* PacotesViagensViewController.swift in Sources */,
				6969CEC72050899800DA4FFA /* ConfirmacaoPagamentoViewController.swift in Sources */,
				6969CE7B2050547200DA4FFA /* AppDelegate.swift in Sources */,
			);
			runOnlyForDeploymentPostprocessing = 0;
		};
/* End PBXSourcesBuildPhase section */

/* Begin PBXVariantGroup section */
		6969CE7E2050547200DA4FFA /* Main.storyboard */ = {
			isa = PBXVariantGroup;
			children = (
				6969CE7F2050547200DA4FFA /* Base */,
			);
			name = Main.storyboard;
			sourceTree = "<group>";
		};
		6969CE832050547200DA4FFA /* LaunchScreen.storyboard */ = {
			isa = PBXVariantGroup;
			children = (
				6969CE842050547200DA4FFA /* Base */,
			);
			name = LaunchScreen.storyboard;
			sourceTree = "<group>";
		};
/* End PBXVariantGroup section */

/* Begin XCBuildConfiguration section */
		6969CE872050547200DA4FFA /* Debug */ = {
			isa = XCBuildConfiguration;
			buildSettings = {
				ALWAYS_SEARCH_USER_PATHS = NO;
				CLANG_ANALYZER_NONNULL = YES;
				CLANG_ANALYZER_NUMBER_OBJECT_CONVERSION = YES_AGGRESSIVE;
				CLANG_CXX_LANGUAGE_STANDARD = "gnu++0x";
				CLANG_CXX_LIBRARY = "libc++";
				CLANG_ENABLE_MODULES = YES;
				CLANG_ENABLE_OBJC_ARC = YES;
				CLANG_WARN_BOOL_CONVERSION = YES;
				CLANG_WARN_CONSTANT_CONVERSION = YES;
				CLANG_WARN_DIRECT_OBJC_ISA_USAGE = YES_ERROR;
				CLANG_WARN_DOCUMENTATION_COMMENTS = YES;
				CLANG_WARN_EMPTY_BODY = YES;
				CLANG_WARN_ENUM_CONVERSION = YES;
				CLANG_WARN_INFINITE_RECURSION = YES;
				CLANG_WARN_INT_CONVERSION = YES;
				CLANG_WARN_OBJC_ROOT_CLASS = YES_ERROR;
				CLANG_WARN_SUSPICIOUS_MOVE = YES;
				CLANG_WARN_UNREACHABLE_CODE = YES;
				CLANG_WARN__DUPLICATE_METHOD_MATCH = YES;
				"CODE_SIGN_IDENTITY[sdk=iphoneos*]" = "iPhone Developer";
				COPY_PHASE_STRIP = NO;
				DEBUG_INFORMATION_FORMAT = dwarf;
				ENABLE_STRICT_OBJC_MSGSEND = YES;
				ENABLE_TESTABILITY = YES;
				GCC_C_LANGUAGE_STANDARD = gnu99;
				GCC_DYNAMIC_NO_PIC = NO;
				GCC_NO_COMMON_BLOCKS = YES;
				GCC_OPTIMIZATION_LEVEL = 0;
				GCC_PREPROCESSOR_DEFINITIONS = (
					"DEBUG=1",
					"$(inherited)",
				);
				GCC_WARN_64_TO_32_BIT_CONVERSION = YES;
				GCC_WARN_ABOUT_RETURN_TYPE = YES_ERROR;
				GCC_WARN_UNDECLARED_SELECTOR = YES;
				GCC_WARN_UNINITIALIZED_AUTOS = YES_AGGRESSIVE;
				GCC_WARN_UNUSED_FUNCTION = YES;
				GCC_WARN_UNUSED_VARIABLE = YES;
				IPHONEOS_DEPLOYMENT_TARGET = 10.3;
				MTL_ENABLE_DEBUG_INFO = YES;
				ONLY_ACTIVE_ARCH = YES;
				SDKROOT = iphoneos;
				SWIFT_ACTIVE_COMPILATION_CONDITIONS = DEBUG;
				SWIFT_OPTIMIZATION_LEVEL = "-Onone";
			};
			name = Debug;
		};
		6969CE882050547200DA4FFA /* Release */ = {
			isa = XCBuildConfiguration;
			buildSettings = {
				ALWAYS_SEARCH_USER_PATHS = NO;
				CLANG_ANALYZER_NONNULL = YES;
				CLANG_ANALYZER_NUMBER_OBJECT_CONVERSION = YES_AGGRESSIVE;
				CLANG_CXX_LANGUAGE_STANDARD = "gnu++0x";
				CLANG_CXX_LIBRARY = "libc++";
				CLANG_ENABLE_MODULES = YES;
				CLANG_ENABLE_OBJC_ARC = YES;
				CLANG_WARN_BOOL_CONVERSION = YES;
				CLANG_WARN_CONSTANT_CONVERSION = YES;
				CLANG_WARN_DIRECT_OBJC_ISA_USAGE = YES_ERROR;
				CLANG_WARN_DOCUMENTATION_COMMENTS = YES;
				CLANG_WARN_EMPTY_BODY = YES;
				CLANG_WARN_ENUM_CONVERSION = YES;
				CLANG_WARN_INFINITE_RECURSION = YES;
				CLANG_WARN_INT_CONVERSION = YES;
				CLANG_WARN_OBJC_ROOT_CLASS = YES_ERROR;
				CLANG_WARN_SUSPICIOUS_MOVE = YES;
				CLANG_WARN_UNREACHABLE_CODE = YES;
				CLANG_WARN__DUPLICATE_METHOD_MATCH = YES;
				"CODE_SIGN_IDENTITY[sdk=iphoneos*]" = "iPhone Developer";
				COPY_PHASE_STRIP = NO;
				DEBUG_INFORMATION_FORMAT = "dwarf-with-dsym";
				ENABLE_NS_ASSERTIONS = NO;
				ENABLE_STRICT_OBJC_MSGSEND = YES;
				GCC_C_LANGUAGE_STANDARD = gnu99;
				GCC_NO_COMMON_BLOCKS = YES;
				GCC_WARN_64_TO_32_BIT_CONVERSION = YES;
				GCC_WARN_ABOUT_RETURN_TYPE = YES_ERROR;
				GCC_WARN_UNDECLARED_SELECTOR = YES;
				GCC_WARN_UNINITIALIZED_AUTOS = YES_AGGRESSIVE;
				GCC_WARN_UNUSED_FUNCTION = YES;
				GCC_WARN_UNUSED_VARIABLE = YES;
				IPHONEOS_DEPLOYMENT_TARGET = 10.3;
				MTL_ENABLE_DEBUG_INFO = NO;
				SDKROOT = iphoneos;
				SWIFT_OPTIMIZATION_LEVEL = "-Owholemodule";
				VALIDATE_PRODUCT = YES;
			};
			name = Release;
		};
		6969CE8A2050547200DA4FFA /* Debug */ = {
			isa = XCBuildConfiguration;
			buildSettings = {
				ASSETCATALOG_COMPILER_APPICON_NAME = AppIcon;
				DEVELOPMENT_TEAM = WKFLY4V8UQ;
				INFOPLIST_FILE = Viajabessa/Info.plist;
				IPHONEOS_DEPLOYMENT_TARGET = 8.0;
				LD_RUNPATH_SEARCH_PATHS = "$(inherited) @executable_path/Frameworks";
				PRODUCT_BUNDLE_IDENTIFIER = br.com.teste.Viajabessa;
				PRODUCT_NAME = "$(TARGET_NAME)";
				SWIFT_VERSION = 3.0;
			};
			name = Debug;
		};
		6969CE8B2050547200DA4FFA /* Release */ = {
			isa = XCBuildConfiguration;
			buildSettings = {
				ASSETCATALOG_COMPILER_APPICON_NAME = AppIcon;
				DEVELOPMENT_TEAM = WKFLY4V8UQ;
				INFOPLIST_FILE = Viajabessa/Info.plist;
				IPHONEOS_DEPLOYMENT_TARGET = 8.0;
				LD_RUNPATH_SEARCH_PATHS = "$(inherited) @executable_path/Frameworks";
				PRODUCT_BUNDLE_IDENTIFIER = br.com.teste.Viajabessa;
				PRODUCT_NAME = "$(TARGET_NAME)";
				SWIFT_VERSION = 3.0;
			};
			name = Release;
		};
/* End XCBuildConfiguration section */

/* Begin XCConfigurationList section */
		6969CE722050547200DA4FFA /* Build configuration list for PBXProject "Viajabessa" */ = {
			isa = XCConfigurationList;
			buildConfigurations = (
				6969CE872050547200DA4FFA /* Debug */,
				6969CE882050547200DA4FFA /* Release */,
			);
			defaultConfigurationIsVisible = 0;
			defaultConfigurationName = Release;
		};
		6969CE892050547200DA4FFA /* Build configuration list for PBXNativeTarget "Viajabessa" */ = {
			isa = XCConfigurationList;
			buildConfigurations = (
				6969CE8A2050547200DA4FFA /* Debug */,
				6969CE8B2050547200DA4FFA /* Release */,
			);
			defaultConfigurationIsVisible = 0;
		};
/* End XCConfigurationList section */
	};
	rootObject = 6969CE6F2050547200DA4FFA /* Project object */;
}
