// !$*UTF8*$!
{
	archiveVersion = 1;
	classes = {
	};
	objectVersion = 46;
	objects = {

/* Begin PBXBuildFile section */
		6969CE7B2050547200DA4FFA /* AppDelegate.swift in Sources */ = {isa = PBXBuildFile; fileRef = 6969CE7A2050547200DA4FFA /* AppDelegate.swift */; };
		6969CE7D2050547200DA4FFA /* ViewController.swift in Sources */ = {isa = PBXBuildFile; fileRef = 6969CE7C2050547200DA4FFA /* ViewController.swift */; };
		6969CE802050547200DA4FFA /* Main.storyboard in Resources */ = {isa = PBXBuildFile; fileRef = 6969CE7E2050547200DA4FFA /* Main.storyboard */; };
		6969CE822050547200DA4FFA /* Assets.xcassets in Resources */ = {isa = PBXBuildFile; fileRef = 6969CE812050547200DA4FFA /* Assets.xcassets */; };
		6969CE852050547200DA4FFA /* LaunchScreen.storyboard in Resources */ = {isa = PBXBuildFile; fileRef = 6969CE832050547200DA4FFA /* LaunchScreen.storyboard */; };
/* End PBXBuildFile section */

/* Begin PBXFileReference section */
		6969CE772050547200DA4FFA /* Viajabessa.app */ = {isa = PBXFileReference; explicitFileType = wrapper.application; includeInIndex = 0; path = Viajabessa.app; sourceTree = BUILT_PRODUCTS_DIR; };
		6969CE7A2050547200DA4FFA /* AppDelegate.swift */ = {isa = PBXFileReference; lastKnownFileType = sourcecode.swift; path = AppDelegate.swift; sourceTree = "<group>"; };
		6969CE7C2050547200DA4FFA /* ViewController.swift */ = {isa = PBXFileReference; lastKnownFileType = sourcecode.swift; path = ViewController.swift; sourceTree = "<group>"; };
		6969CE7F2050547200DA4FFA /* Base */ = {isa = PBXFileReference; lastKnownFileType = file.storyboard; name = Base; path = Base.lproj/Main.storyboard; sourceTree = "<group>"; };
		6969CE812050547200DA4FFA /* Assets.xcassets */ = {isa = PBXFileReference; lastKnownFileType = folder.assetcatalog; path = Assets.xcassets; sourceTree = "<group>"; };
		6969CE842050547200DA4FFA /* Base */ = {isa = PBXFileReference; lastKnownFileType = file.storyboard; name = Base; path = Base.lproj/LaunchScreen.storyboard; sourceTree = "<group>"; };
		6969CE862050547200DA4FFA /* Info.plist */ = {isa = PBXFileReference; lastKnownFileType = text.plist.xml; path = Info.plist; sourceTree = "<group>"; };
/* End PBXFileReference section */

/* Begin PBXFrameworksBuildPhase section */
		6969CE742050547200DA4FFA /* Frameworks */ = {
			isa = PBXFrameworksBuildPhase;
			buildActionMask = 2147483647;
			files = (
			);
			runOnlyForDeploymentPostprocessing = 0;
		};
/* End PBXFrameworksBuildPhase section */

/* Begin PBXGroup section */
		6969CE6E2050547200DA4FFA = {
			isa = PBXGroup;
			children = (
				6969CE792050547200DA4FFA /* Viajabessa */,
				6969CE782050547200DA4FFA /* Products */,
			);
			sourceTree = "<group>";
		};
		6969CE782050547200DA4FFA /* Products */ = {
			isa = PBXGroup;
			children = (
				6969CE772050547200DA4FFA /* Viajabessa.app */,
			);
			name = Products;
			sourceTree = "<group>";
		};
		6969CE792050547200DA4FFA /* Viajabessa */ = {
			isa = PBXGroup;
			children = (
				6969CE7A2050547200DA4FFA /* AppDelegate.swift */,
				6969CE7C2050547200DA4FFA /* ViewController.swift */,
				6969CE7E2050547200DA4FFA /* Main.storyboard */,
				6969CE812050547200DA4FFA /* Assets.xcassets */,
				6969CE832050547200DA4FFA /* LaunchScreen.storyboard */,
				6969CE862050547200DA4FFA /* Info.plist */,
			);
			path = Viajabessa;
			sourceTree = "<group>";
		};
/* End PBXGroup section */

/* Begin PBXNativeTarget section */
		6969CE762050547200DA4FFA /* Viajabessa */ = {
			isa = PBXNativeTarget;
			buildConfigurationList = 6969CE892050547200DA4FFA /* Build configuration list for PBXNativeTarget "Viajabessa" */;
			buildPhases = (
				6969CE732050547200DA4FFA /* Sources */,
				6969CE742050547200DA4FFA /* Frameworks */,
				6969CE752050547200DA4FFA /* Resources */,
			);
			buildRules = (
			);
			dependencies = (
			);
			name = Viajabessa;
			productName = Viajabessa;
			productReference = 6969CE772050547200DA4FFA /* Viajabessa.app */;
			productType = "com.apple.product-type.application";
		};
/* End PBXNativeTarget section */

/* Begin PBXProject section */
		6969CE6F2050547200DA4FFA /* Project object */ = {
			isa = PBXProject;
			attributes = {
				LastSwiftUpdateCheck = 0830;
				LastUpgradeCheck = 0830;
				ORGANIZATIONNAME = "Luis Felipe Tapajos";
				TargetAttributes = {
					6969CE762050547200DA4FFA = {
						CreatedOnToolsVersion = 8.3.2;
						DevelopmentTeam = WKFLY4V8UQ;
						ProvisioningStyle = Automatic;
					};
				};
			};
			buildConfigurationList = 6969CE722050547200DA4FFA /* Build configuration list for PBXProject "Viajabessa" */;
			compatibilityVersion = "Xcode 3.2";
			developmentRegion = English;
			hasScannedForEncodings = 0;
			knownRegions = (
				en,
				Base,
			);
			mainGroup = 6969CE6E2050547200DA4FFA;
			productRefGroup = 6969CE782050547200DA4FFA /* Products */;
			projectDirPath = "";
			projectRoot = "";
			targets = (
				6969CE762050547200DA4FFA /* Viajabessa */,
			);
		};
/* End PBXProject section */

/* Begin PBXResourcesBuildPhase section */
		6969CE752050547200DA4FFA /* Resources */ = {
			isa = PBXResourcesBuildPhase;
			buildActionMask = 2147483647;
			files = (
				6969CE852050547200DA4FFA /* LaunchScreen.storyboard in Resources */,
				6969CE822050547200DA4FFA /* Assets.xcassets in Resources */,
				6969CE802050547200DA4FFA /* Main.storyboard in Resources */,
			);
			runOnlyForDeploymentPostprocessing = 0;
		};
/* End PBXResourcesBuildPhase section */

/* Begin PBXSourcesBuildPhase section */
		6969CE732050547200DA4FFA /* Sources */ = {
			isa = PBXSourcesBuildPhase;
			buildActionMask = 2147483647;
			files = (
				6969CE7D2050547200DA4FFA /* ViewController.swift in Sources */,
				6969CE7B2050547200DA4FFA /* AppDelegate.swift in Sources */,
			);
			runOnlyForDeploymentPostprocessing = 0;
		};
/* End PBXSourcesBuildPhase section */

/* Begin PBXVariantGroup section */
		6969CE7E2050547200DA4FFA /* Main.storyboard */ = {
			isa = PBXVariantGroup;
			children = (
				6969CE7F2050547200DA4FFA /* Base */,
			);
			name = Main.storyboard;
			sourceTree = "<group>";
		};
		6969CE832050547200DA4FFA /* LaunchScreen.storyboard */ = {
			isa = PBXVariantGroup;
			children = (
				6969CE842050547200DA4FFA /* Base */,
			);
			name = LaunchScreen.storyboard;
			sourceTree = "<group>";
		};
/* End PBXVariantGroup section */

/* Begin XCBuildConfiguration section */
		6969CE872050547200DA4FFA /* Debug */ = {
			isa = XCBuildConfiguration;
			buildSettings = {
				ALWAYS_SEARCH_USER_PATHS = NO;
				CLANG_ANALYZER_NONNULL = YES;
				CLANG_ANALYZER_NUMBER_OBJECT_CONVERSION = YES_AGGRESSIVE;
				CLANG_CXX_LANGUAGE_STANDARD = "gnu++0x";
				CLANG_CXX_LIBRARY = "libc++";
				CLANG_ENABLE_MODULES = YES;
				CLANG_ENABLE_OBJC_ARC = YES;
				CLANG_WARN_BOOL_CONVERSION = YES;
				CLANG_WARN_CONSTANT_CONVERSION = YES;
				CLANG_WARN_DIRECT_OBJC_ISA_USAGE = YES_ERROR;
				CLANG_WARN_DOCUMENTATION_COMMENTS = YES;
				CLANG_WARN_EMPTY_BODY = YES;
				CLANG_WARN_ENUM_CONVERSION = YES;
				CLANG_WARN_INFINITE_RECURSION = YES;
				CLANG_WARN_INT_CONVERSION = YES;
				CLANG_WARN_OBJC_ROOT_CLASS = YES_ERROR;
				CLANG_WARN_SUSPICIOUS_MOVE = YES;
				CLANG_WARN_UNREACHABLE_CODE = YES;
				CLANG_WARN__DUPLICATE_METHOD_MATCH = YES;
				"CODE_SIGN_IDENTITY[sdk=iphoneos*]" = "iPhone Developer";
				COPY_PHASE_STRIP = NO;
				DEBUG_INFORMATION_FORMAT = dwarf;
				ENABLE_STRICT_OBJC_MSGSEND = YES;
				ENABLE_TESTABILITY = YES;
				GCC_C_LANGUAGE_STANDARD = gnu99;
				GCC_DYNAMIC_NO_PIC = NO;
				GCC_NO_COMMON_BLOCKS = YES;
				GCC_OPTIMIZATION_LEVEL = 0;
				GCC_PREPROCESSOR_DEFINITIONS = (
					"DEBUG=1",
					"$(inherited)",
				);
				GCC_WARN_64_TO_32_BIT_CONVERSION = YES;
				GCC_WARN_ABOUT_RETURN_TYPE = YES_ERROR;
				GCC_WARN_UNDECLARED_SELECTOR = YES;
				GCC_WARN_UNINITIALIZED_AUTOS = YES_AGGRESSIVE;
				GCC_WARN_UNUSED_FUNCTION = YES;
				GCC_WARN_UNUSED_VARIABLE = YES;
				IPHONEOS_DEPLOYMENT_TARGET = 10.3;
				MTL_ENABLE_DEBUG_INFO = YES;
				ONLY_ACTIVE_ARCH = YES;
				SDKROOT = iphoneos;
				SWIFT_ACTIVE_COMPILATION_CONDITIONS = DEBUG;
				SWIFT_OPTIMIZATION_LEVEL = "-Onone";
			};
			name = Debug;
		};
		6969CE882050547200DA4FFA /* Release */ = {
			isa = XCBuildConfiguration;
			buildSettings = {
				ALWAYS_SEARCH_USER_PATHS = NO;
				CLANG_ANALYZER_NONNULL = YES;
				CLANG_ANALYZER_NUMBER_OBJECT_CONVERSION = YES_AGGRESSIVE;
				CLANG_CXX_LANGUAGE_STANDARD = "gnu++0x";
				CLANG_CXX_LIBRARY = "libc++";
				CLANG_ENABLE_MODULES = YES;
				CLANG_ENABLE_OBJC_ARC = YES;
				CLANG_WARN_BOOL_CONVERSION = YES;
				CLANG_WARN_CONSTANT_CONVERSION = YES;
				CLANG_WARN_DIRECT_OBJC_ISA_USAGE = YES_ERROR;
				CLANG_WARN_DOCUMENTATION_COMMENTS = YES;
				CLANG_WARN_EMPTY_BODY = YES;
				CLANG_WARN_ENUM_CONVERSION = YES;
				CLANG_WARN_INFINITE_RECURSION = YES;
				CLANG_WARN_INT_CONVERSION = YES;
				CLANG_WARN_OBJC_ROOT_CLASS = YES_ERROR;
				CLANG_WARN_SUSPICIOUS_MOVE = YES;
				CLANG_WARN_UNREACHABLE_CODE = YES;
				CLANG_WARN__DUPLICATE_METHOD_MATCH = YES;
				"CODE_SIGN_IDENTITY[sdk=iphoneos*]" = "iPhone Developer";
				COPY_PHASE_STRIP = NO;
				DEBUG_INFORMATION_FORMAT = "dwarf-with-dsym";
				ENABLE_NS_ASSERTIONS = NO;
				ENABLE_STRICT_OBJC_MSGSEND = YES;
				GCC_C_LANGUAGE_STANDARD = gnu99;
				GCC_NO_COMMON_BLOCKS = YES;
				GCC_WARN_64_TO_32_BIT_CONVERSION = YES;
				GCC_WARN_ABOUT_RETURN_TYPE = YES_ERROR;
				GCC_WARN_UNDECLARED_SELECTOR = YES;
				GCC_WARN_UNINITIALIZED_AUTOS = YES_AGGRESSIVE;
				GCC_WARN_UNUSED_FUNCTION = YES;
				GCC_WARN_UNUSED_VARIABLE = YES;
				IPHONEOS_DEPLOYMENT_TARGET = 10.3;
				MTL_ENABLE_DEBUG_INFO = NO;
				SDKROOT = iphoneos;
				SWIFT_OPTIMIZATION_LEVEL = "-Owholemodule";
				VALIDATE_PRODUCT = YES;
			};
			name = Release;
		};
		6969CE8A2050547200DA4FFA /* Debug */ = {
			isa = XCBuildConfiguration;
			buildSettings = {
				ASSETCATALOG_COMPILER_APPICON_NAME = AppIcon;
				DEVELOPMENT_TEAM = WKFLY4V8UQ;
				INFOPLIST_FILE = Viajabessa/Info.plist;
				IPHONEOS_DEPLOYMENT_TARGET = 8.0;
				LD_RUNPATH_SEARCH_PATHS = "$(inherited) @executable_path/Frameworks";
				PRODUCT_BUNDLE_IDENTIFIER = br.com.teste.Viajabessa;
				PRODUCT_NAME = "$(TARGET_NAME)";
				SWIFT_VERSION = 3.0;
			};
			name = Debug;
		};
		6969CE8B2050547200DA4FFA /* Release */ = {
			isa = XCBuildConfiguration;
			buildSettings = {
				ASSETCATALOG_COMPILER_APPICON_NAME = AppIcon;
				DEVELOPMENT_TEAM = WKFLY4V8UQ;
				INFOPLIST_FILE = Viajabessa/Info.plist;
				IPHONEOS_DEPLOYMENT_TARGET = 8.0;
				LD_RUNPATH_SEARCH_PATHS = "$(inherited) @executable_path/Frameworks";
				PRODUCT_BUNDLE_IDENTIFIER = br.com.teste.Viajabessa;
				PRODUCT_NAME = "$(TARGET_NAME)";
				SWIFT_VERSION = 3.0;
			};
			name = Release;
		};
/* End XCBuildConfiguration section */

/* Begin XCConfigurationList section */
		6969CE722050547200DA4FFA /* Build configuration list for PBXProject "Viajabessa" */ = {
			isa = XCConfigurationList;
			buildConfigurations = (
				6969CE872050547200DA4FFA /* Debug */,
				6969CE882050547200DA4FFA /* Release */,
			);
			defaultConfigurationIsVisible = 0;
			defaultConfigurationName = Release;
		};
		6969CE892050547200DA4FFA /* Build configuration list for PBXNativeTarget "Viajabessa" */ = {
			isa = XCConfigurationList;
			buildConfigurations = (
				6969CE8A2050547200DA4FFA /* Debug */,
				6969CE8B2050547200DA4FFA /* Release */,
			);
			defaultConfigurationIsVisible = 0;
		};
/* End XCConfigurationList section */
	};
	rootObject = 6969CE6F2050547200DA4FFA /* Project object */;
}
